
Microsoft Visual Studio Solution File, Format Version 12.00
# Visual Studio Version 16
VisualStudioVersion = 16.0.29613.14
MinimumVisualStudioVersion = 10.0.40219.1
Project("{FAE04EC0-301F-11D3-BF4B-00C04F79EFBC}") = "HandleLargeForm", "HandleLargeForm.csproj", "{C39999A4-0F4F-45E9-B6A9-AC35283EAA4F}"
EndProject
Global
	GlobalSection(SolutionConfigurationPlatforms) = preSolution
		Debug|Any CPU = Debug|Any CPU
		Release|Any CPU = Release|Any CPU
	EndGlobalSection
	GlobalSection(ProjectConfigurationPlatforms) = postSolution
		{C39999A4-0F4F-45E9-B6A9-AC35283EAA4F}.Debug|Any CPU.ActiveCfg = Debug|Any CPU
		{C39999A4-0F4F-45E9-B6A9-AC35283EAA4F}.Debug|Any CPU.Build.0 = Debug|Any CPU
		{C39999A4-0F4F-45E9-B6A9-AC35283EAA4F}.Release|Any CPU.ActiveCfg = Release|Any CPU
		{C39999A4-0F4F-45E9-B6A9-AC35283EAA4F}.Release|Any CPU.Build.0 = Release|Any CPU
	EndGlobalSection
	GlobalSection(SolutionProperties) = preSolution
		HideSolutionNode = FALSE
	EndGlobalSection
	GlobalSection(ExtensibilityGlobals) = postSolution
		SolutionGuid = {1D9472AD-3213-4C2C-8F05-FCD63AF398F4}
	EndGlobalSection
EndGlobal
